
Microsoft Visual Studio Solution File, Format Version 12.00
# Visual Studio 14
VisualStudioVersion = 14.0.25420.1
MinimumVisualStudioVersion = 10.0.40219.1
Project("{FAE04EC0-301F-11D3-BF4B-00C04F79EFBC}") = "ClassLibrary1", "ClassLibrary1\ClassLibrary1.csproj", "{C71D0D4F-20F5-4657-82F6-883D867D85D5}"
EndProject
Project("{FAE04EC0-301F-11D3-BF4B-00C04F79EFBC}") = "ClassLibrary2.demo", "ClassLibrary2.demo\ClassLibrary2.demo.csproj", "{B5D7DC14-01B5-4233-897B-193AF7D44505}"
EndProject
Global
	GlobalSection(SolutionConfigurationPlatforms) = preSolution
		Debug|Any CPU = Debug|Any CPU
		Release|Any CPU = Release|Any CPU
	EndGlobalSection
	GlobalSection(ProjectConfigurationPlatforms) = postSolution
		{C71D0D4F-20F5-4657-82F6-883D867D85D5}.Debug|Any CPU.ActiveCfg = Debug|Any CPU
		{C71D0D4F-20F5-4657-82F6-883D867D85D5}.Debug|Any CPU.Build.0 = Debug|Any CPU
		{C71D0D4F-20F5-4657-82F6-883D867D85D5}.Release|Any CPU.ActiveCfg = Release|Any CPU
		{C71D0D4F-20F5-4657-82F6-883D867D85D5}.Release|Any CPU.Build.0 = Release|Any CPU
		{B5D7DC14-01B5-4233-897B-193AF7D44505}.Debug|Any CPU.ActiveCfg = Debug|Any CPU
		{B5D7DC14-01B5-4233-897B-193AF7D44505}.Debug|Any CPU.Build.0 = Debug|Any CPU
		{B5D7DC14-01B5-4233-897B-193AF7D44505}.Debug|Any CPU.Deploy.0 = Debug|Any CPU
		{B5D7DC14-01B5-4233-897B-193AF7D44505}.Release|Any CPU.ActiveCfg = Release|Any CPU
		{B5D7DC14-01B5-4233-897B-193AF7D44505}.Release|Any CPU.Build.0 = Release|Any CPU
		{B5D7DC14-01B5-4233-897B-193AF7D44505}.Release|Any CPU.Deploy.0 = Release|Any CPU
	EndGlobalSection
	GlobalSection(SolutionProperties) = preSolution
		HideSolutionNode = FALSE
	EndGlobalSection
EndGlobal
